
Microsoft Visual Studio Solution File, Format Version 12.00
# Visual Studio Version 17
VisualStudioVersion = 17.5.33502.453
MinimumVisualStudioVersion = 10.0.40219.1
Project("{FAE04EC0-301F-11D3-BF4B-00C04F79EFBC}") = "StudentProject", "StudentProject\StudentProject.csproj", "{69F5ED77-DF8B-4219-A1BB-4E3261826019}"
EndProject
Global
	GlobalSection(SolutionConfigurationPlatforms) = preSolution
		Debug|Any CPU = Debug|Any CPU
		Release|Any CPU = Release|Any CPU
	EndGlobalSection
	GlobalSection(ProjectConfigurationPlatforms) = postSolution
		{69F5ED77-DF8B-4219-A1BB-4E3261826019}.Debug|Any CPU.ActiveCfg = Debug|Any CPU
		{69F5ED77-DF8B-4219-A1BB-4E3261826019}.Debug|Any CPU.Build.0 = Debug|Any CPU
		{69F5ED77-DF8B-4219-A1BB-4E3261826019}.Release|Any CPU.ActiveCfg = Release|Any CPU
		{69F5ED77-DF8B-4219-A1BB-4E3261826019}.Release|Any CPU.Build.0 = Release|Any CPU
	EndGlobalSection
	GlobalSection(SolutionProperties) = preSolution
		HideSolutionNode = FALSE
	EndGlobalSection
	GlobalSection(ExtensibilityGlobals) = postSolution
		SolutionGuid = {A2E4313B-0F33-4D39-91A6-7EB7E31539C6}
	EndGlobalSection
EndGlobal
